
Microsoft Visual Studio Solution File, Format Version 12.00
# Visual Studio Version 17
VisualStudioVersion = 17.14.36301.6 d17.14
MinimumVisualStudioVersion = 10.0.40219.1
Project("{FAE04EC0-301F-11D3-BF4B-00C04F79EFBC}") = "FormattingPlusPlus", "FormattingPlusPlus.csproj", "{91CFC2A7-6710-DD11-E363-C2317E4801BE}"
EndProject
Global
	GlobalSection(SolutionConfigurationPlatforms) = preSolution
		Debug|Any CPU = Debug|Any CPU
		Release|Any CPU = Release|Any CPU
	EndGlobalSection
	GlobalSection(ProjectConfigurationPlatforms) = postSolution
		{91CFC2A7-6710-DD11-E363-C2317E4801BE}.Debug|Any CPU.ActiveCfg = Debug|Any CPU
		{91CFC2A7-6710-DD11-E363-C2317E4801BE}.Debug|Any CPU.Build.0 = Debug|Any CPU
		{91CFC2A7-6710-DD11-E363-C2317E4801BE}.Release|Any CPU.ActiveCfg = Release|Any CPU
		{91CFC2A7-6710-DD11-E363-C2317E4801BE}.Release|Any CPU.Build.0 = Release|Any CPU
	EndGlobalSection
	GlobalSection(SolutionProperties) = preSolution
		HideSolutionNode = FALSE
	EndGlobalSection
	GlobalSection(ExtensibilityGlobals) = postSolution
		SolutionGuid = {0532C25A-856E-4DB6-A1F2-FF6A3BE247D0}
	EndGlobalSection
EndGlobal
